
Microsoft Visual Studio Solution File, Format Version 12.00
# Visual Studio Version 16
VisualStudioVersion = 16.0.32106.194
MinimumVisualStudioVersion = 10.0.40219.1
Project("{FAE04EC0-301F-11D3-BF4B-00C04F79EFBC}") = "Archivo1", "Archivo1\Archivo1.csproj", "{D22BEFC0-A225-41E5-B8A7-FEC4B70C3E1A}"
EndProject
Global
	GlobalSection(SolutionConfigurationPlatforms) = preSolution
		Debug|Any CPU = Debug|Any CPU
		Release|Any CPU = Release|Any CPU
	EndGlobalSection
	GlobalSection(ProjectConfigurationPlatforms) = postSolution
		{D22BEFC0-A225-41E5-B8A7-FEC4B70C3E1A}.Debug|Any CPU.ActiveCfg = Debug|Any CPU
		{D22BEFC0-A225-41E5-B8A7-FEC4B70C3E1A}.Debug|Any CPU.Build.0 = Debug|Any CPU
		{D22BEFC0-A225-41E5-B8A7-FEC4B70C3E1A}.Release|Any CPU.ActiveCfg = Release|Any CPU
		{D22BEFC0-A225-41E5-B8A7-FEC4B70C3E1A}.Release|Any CPU.Build.0 = Release|Any CPU
	EndGlobalSection
	GlobalSection(SolutionProperties) = preSolution
		HideSolutionNode = FALSE
	EndGlobalSection
	GlobalSection(ExtensibilityGlobals) = postSolution
		SolutionGuid = {F1D20C35-A551-43CD-99CE-EB2655019AA3}
	EndGlobalSection
EndGlobal
